
Microsoft Visual Studio Solution File, Format Version 12.00
# Visual Studio Version 16
VisualStudioVersion = 16.0.30104.148
MinimumVisualStudioVersion = 10.0.40219.1
Project("{2150E333-8FDC-42A3-9474-1A3956D46DE8}") = "1 - Presentation", "1 - Presentation", "{5C4F0ACC-B098-43AF-9B60-40D1D3D555DF}"
EndProject
Project("{9A19103F-16F7-4668-BE54-9A1E7A4F7556}") = "WebApi", "WebApi\WebApi.csproj", "{9AE06836-9968-48D4-8D9F-0C29ED6CC710}"
EndProject
Project("{2150E333-8FDC-42A3-9474-1A3956D46DE8}") = "2 - Application", "2 - Application", "{CEFD9DA8-5673-4ABB-8A7D-2F8A925A01E6}"
EndProject
Project("{2150E333-8FDC-42A3-9474-1A3956D46DE8}") = "3 - Domain", "3 - Domain", "{2E5D7B68-04BB-4CD6-80C9-F86E0C77F4D9}"
EndProject
Project("{2150E333-8FDC-42A3-9474-1A3956D46DE8}") = "4 - Infra", "4 - Infra", "{61AD70A3-3CDB-42B2-9847-320BBF492741}"
EndProject
Project("{9A19103F-16F7-4668-BE54-9A1E7A4F7556}") = "Domain", "Domain\Domain.csproj", "{AF4FA420-A164-43DD-B048-98AB5A16F56E}"
EndProject
Project("{2150E333-8FDC-42A3-9474-1A3956D46DE8}") = "4.1 - Data", "4.1 - Data", "{416E0D17-3487-444C-9357-7D0E37449B4F}"
EndProject
Project("{2150E333-8FDC-42A3-9474-1A3956D46DE8}") = "4.2 - CrossCutting", "4.2 - CrossCutting", "{0A5B3925-9322-4F54-9582-3BC6C065E083}"
EndProject
Project("{9A19103F-16F7-4668-BE54-9A1E7A4F7556}") = "ApplicationService", "Application\ApplicationService.csproj", "{01E9DB28-3FA6-4EA9-9693-43679BDF15CE}"
EndProject
Project("{9A19103F-16F7-4668-BE54-9A1E7A4F7556}") = "ApplicationDTO", "ApplicationDTO\ApplicationDTO.csproj", "{54639603-FF82-4310-834F-A90C6613E9D3}"
EndProject
Project("{9A19103F-16F7-4668-BE54-9A1E7A4F7556}") = "DomainCore", "DomainCore\DomainCore.csproj", "{1D3C2EC7-0A2C-4E60-9CB8-AB6CFCD02B0A}"
EndProject
Project("{9A19103F-16F7-4668-BE54-9A1E7A4F7556}") = "CrossCuttingAdapter", "CrossCuttingAdapter\CrossCuttingAdapter.csproj", "{448FBCA0-1DCE-4DBF-A53D-39D04AC39BA0}"
EndProject
Project("{9A19103F-16F7-4668-BE54-9A1E7A4F7556}") = "CrossCuttingIoC", "CrossCuttingIoC\CrossCuttingIoC.csproj", "{9B80B383-F9C4-45E2-8B4F-43BC2E3CD523}"
EndProject
Project("{9A19103F-16F7-4668-BE54-9A1E7A4F7556}") = "InfraData", "InfraData\InfraData.csproj", "{F341F564-00B6-47B5-A703-8EE4840CD2ED}"
EndProject
Project("{2150E333-8FDC-42A3-9474-1A3956D46DE8}") = "5 - Tests", "5 - Tests", "{C824C422-477A-4EE0-B94E-78FBCB21AF8C}"
EndProject
Project("{2150E333-8FDC-42A3-9474-1A3956D46DE8}") = "1 - Presentation", "1 - Presentation", "{98804C14-ECB2-4E66-A008-C22B4F014747}"
EndProject
Project("{2150E333-8FDC-42A3-9474-1A3956D46DE8}") = "2 - Application", "2 - Application", "{338FA75B-549E-445A-8626-20BBBC53D541}"
EndProject
Project("{2150E333-8FDC-42A3-9474-1A3956D46DE8}") = "3 - Domain", "3 - Domain", "{C5FAF15A-6393-4743-9504-92FE63BB36A7}"
EndProject
Project("{2150E333-8FDC-42A3-9474-1A3956D46DE8}") = "4 - Infra", "4 - Infra", "{D1288E24-281E-4483-A45B-74200456A6C6}"
EndProject
Project("{2150E333-8FDC-42A3-9474-1A3956D46DE8}") = "4.1 - Data", "4.1 - Data", "{B58DD15A-9532-434C-ABDB-260750C31A62}"
EndProject
Project("{2150E333-8FDC-42A3-9474-1A3956D46DE8}") = "4.2 - Crosscutting", "4.2 - Crosscutting", "{47F948AC-5A0D-462F-80D9-F7F2D8968D1C}"
EndProject
Project("{2150E333-8FDC-42A3-9474-1A3956D46DE8}") = "3.1 - Domain", "3.1 - Domain", "{B7623E38-F2BB-4A7F-AF4A-6DF7AB4BE6EB}"
EndProject
Project("{2150E333-8FDC-42A3-9474-1A3956D46DE8}") = "3.2 - DomainCore", "3.2 - DomainCore", "{034B057D-0EA8-4368-B189-3821B61B6BD2}"
EndProject
Project("{2150E333-8FDC-42A3-9474-1A3956D46DE8}") = "2.1 - ApplicationDTO", "2.1 - ApplicationDTO", "{16D14213-9C00-47BC-80D0-6FFAFA5EB813}"
EndProject
Project("{2150E333-8FDC-42A3-9474-1A3956D46DE8}") = "2.2 - ApplicationService", "2.2 - ApplicationService", "{F0601D8E-3ADF-42B0-B097-8838EB0DBA28}"
EndProject
Project("{FAE04EC0-301F-11D3-BF4B-00C04F79EFBC}") = "Tests.InfraData", "Tests.InfraData\Tests.InfraData.csproj", "{E86EAD2B-DE13-40EF-8EFA-0D6C69E49F1A}"
EndProject
Global
	GlobalSection(SolutionConfigurationPlatforms) = preSolution
		Debug|Any CPU = Debug|Any CPU
		Release|Any CPU = Release|Any CPU
	EndGlobalSection
	GlobalSection(ProjectConfigurationPlatforms) = postSolution
		{9AE06836-9968-48D4-8D9F-0C29ED6CC710}.Debug|Any CPU.ActiveCfg = Debug|Any CPU
		{9AE06836-9968-48D4-8D9F-0C29ED6CC710}.Debug|Any CPU.Build.0 = Debug|Any CPU
		{9AE06836-9968-48D4-8D9F-0C29ED6CC710}.Release|Any CPU.ActiveCfg = Release|Any CPU
		{9AE06836-9968-48D4-8D9F-0C29ED6CC710}.Release|Any CPU.Build.0 = Release|Any CPU
		{AF4FA420-A164-43DD-B048-98AB5A16F56E}.Debug|Any CPU.ActiveCfg = Debug|Any CPU
		{AF4FA420-A164-43DD-B048-98AB5A16F56E}.Debug|Any CPU.Build.0 = Debug|Any CPU
		{AF4FA420-A164-43DD-B048-98AB5A16F56E}.Release|Any CPU.ActiveCfg = Release|Any CPU
		{AF4FA420-A164-43DD-B048-98AB5A16F56E}.Release|Any CPU.Build.0 = Release|Any CPU
		{01E9DB28-3FA6-4EA9-9693-43679BDF15CE}.Debug|Any CPU.ActiveCfg = Debug|Any CPU
		{01E9DB28-3FA6-4EA9-9693-43679BDF15CE}.Debug|Any CPU.Build.0 = Debug|Any CPU
		{01E9DB28-3FA6-4EA9-9693-43679BDF15CE}.Release|Any CPU.ActiveCfg = Release|Any CPU
		{01E9DB28-3FA6-4EA9-9693-43679BDF15CE}.Release|Any CPU.Build.0 = Release|Any CPU
		{54639603-FF82-4310-834F-A90C6613E9D3}.Debug|Any CPU.ActiveCfg = Debug|Any CPU
		{54639603-FF82-4310-834F-A90C6613E9D3}.Debug|Any CPU.Build.0 = Debug|Any CPU
		{54639603-FF82-4310-834F-A90C6613E9D3}.Release|Any CPU.ActiveCfg = Release|Any CPU
		{54639603-FF82-4310-834F-A90C6613E9D3}.Release|Any CPU.Build.0 = Release|Any CPU
		{1D3C2EC7-0A2C-4E60-9CB8-AB6CFCD02B0A}.Debug|Any CPU.ActiveCfg = Debug|Any CPU
		{1D3C2EC7-0A2C-4E60-9CB8-AB6CFCD02B0A}.Debug|Any CPU.Build.0 = Debug|Any CPU
		{1D3C2EC7-0A2C-4E60-9CB8-AB6CFCD02B0A}.Release|Any CPU.ActiveCfg = Release|Any CPU
		{1D3C2EC7-0A2C-4E60-9CB8-AB6CFCD02B0A}.Release|Any CPU.Build.0 = Release|Any CPU
		{448FBCA0-1DCE-4DBF-A53D-39D04AC39BA0}.Debug|Any CPU.ActiveCfg = Debug|Any CPU
		{448FBCA0-1DCE-4DBF-A53D-39D04AC39BA0}.Debug|Any CPU.Build.0 = Debug|Any CPU
		{448FBCA0-1DCE-4DBF-A53D-39D04AC39BA0}.Release|Any CPU.ActiveCfg = Release|Any CPU
		{448FBCA0-1DCE-4DBF-A53D-39D04AC39BA0}.Release|Any CPU.Build.0 = Release|Any CPU
		{9B80B383-F9C4-45E2-8B4F-43BC2E3CD523}.Debug|Any CPU.ActiveCfg = Debug|Any CPU
		{9B80B383-F9C4-45E2-8B4F-43BC2E3CD523}.Debug|Any CPU.Build.0 = Debug|Any CPU
		{9B80B383-F9C4-45E2-8B4F-43BC2E3CD523}.Release|Any CPU.ActiveCfg = Release|Any CPU
		{9B80B383-F9C4-45E2-8B4F-43BC2E3CD523}.Release|Any CPU.Build.0 = Release|Any CPU
		{F341F564-00B6-47B5-A703-8EE4840CD2ED}.Debug|Any CPU.ActiveCfg = Debug|Any CPU
		{F341F564-00B6-47B5-A703-8EE4840CD2ED}.Debug|Any CPU.Build.0 = Debug|Any CPU
		{F341F564-00B6-47B5-A703-8EE4840CD2ED}.Release|Any CPU.ActiveCfg = Release|Any CPU
		{F341F564-00B6-47B5-A703-8EE4840CD2ED}.Release|Any CPU.Build.0 = Release|Any CPU
		{E86EAD2B-DE13-40EF-8EFA-0D6C69E49F1A}.Debug|Any CPU.ActiveCfg = Debug|Any CPU
		{E86EAD2B-DE13-40EF-8EFA-0D6C69E49F1A}.Debug|Any CPU.Build.0 = Debug|Any CPU
		{E86EAD2B-DE13-40EF-8EFA-0D6C69E49F1A}.Release|Any CPU.ActiveCfg = Release|Any CPU
		{E86EAD2B-DE13-40EF-8EFA-0D6C69E49F1A}.Release|Any CPU.Build.0 = Release|Any CPU
	EndGlobalSection
	GlobalSection(SolutionProperties) = preSolution
		HideSolutionNode = FALSE
	EndGlobalSection
	GlobalSection(NestedProjects) = preSolution
		{9AE06836-9968-48D4-8D9F-0C29ED6CC710} = {5C4F0ACC-B098-43AF-9B60-40D1D3D555DF}
		{AF4FA420-A164-43DD-B048-98AB5A16F56E} = {2E5D7B68-04BB-4CD6-80C9-F86E0C77F4D9}
		{416E0D17-3487-444C-9357-7D0E37449B4F} = {61AD70A3-3CDB-42B2-9847-320BBF492741}
		{0A5B3925-9322-4F54-9582-3BC6C065E083} = {61AD70A3-3CDB-42B2-9847-320BBF492741}
		{01E9DB28-3FA6-4EA9-9693-43679BDF15CE} = {CEFD9DA8-5673-4ABB-8A7D-2F8A925A01E6}
		{54639603-FF82-4310-834F-A90C6613E9D3} = {CEFD9DA8-5673-4ABB-8A7D-2F8A925A01E6}
		{1D3C2EC7-0A2C-4E60-9CB8-AB6CFCD02B0A} = {2E5D7B68-04BB-4CD6-80C9-F86E0C77F4D9}
		{448FBCA0-1DCE-4DBF-A53D-39D04AC39BA0} = {0A5B3925-9322-4F54-9582-3BC6C065E083}
		{9B80B383-F9C4-45E2-8B4F-43BC2E3CD523} = {0A5B3925-9322-4F54-9582-3BC6C065E083}
		{F341F564-00B6-47B5-A703-8EE4840CD2ED} = {416E0D17-3487-444C-9357-7D0E37449B4F}
		{98804C14-ECB2-4E66-A008-C22B4F014747} = {C824C422-477A-4EE0-B94E-78FBCB21AF8C}
		{338FA75B-549E-445A-8626-20BBBC53D541} = {C824C422-477A-4EE0-B94E-78FBCB21AF8C}
		{C5FAF15A-6393-4743-9504-92FE63BB36A7} = {C824C422-477A-4EE0-B94E-78FBCB21AF8C}
		{D1288E24-281E-4483-A45B-74200456A6C6} = {C824C422-477A-4EE0-B94E-78FBCB21AF8C}
		{B58DD15A-9532-434C-ABDB-260750C31A62} = {D1288E24-281E-4483-A45B-74200456A6C6}
		{47F948AC-5A0D-462F-80D9-F7F2D8968D1C} = {D1288E24-281E-4483-A45B-74200456A6C6}
		{B7623E38-F2BB-4A7F-AF4A-6DF7AB4BE6EB} = {C5FAF15A-6393-4743-9504-92FE63BB36A7}
		{034B057D-0EA8-4368-B189-3821B61B6BD2} = {C5FAF15A-6393-4743-9504-92FE63BB36A7}
		{16D14213-9C00-47BC-80D0-6FFAFA5EB813} = {338FA75B-549E-445A-8626-20BBBC53D541}
		{F0601D8E-3ADF-42B0-B097-8838EB0DBA28} = {338FA75B-549E-445A-8626-20BBBC53D541}
		{E86EAD2B-DE13-40EF-8EFA-0D6C69E49F1A} = {B58DD15A-9532-434C-ABDB-260750C31A62}
	EndGlobalSection
	GlobalSection(ExtensibilityGlobals) = postSolution
		SolutionGuid = {A21EE371-F98C-46CC-8184-B3C31A7ADAC2}
	EndGlobalSection
EndGlobal
